
Microsoft Visual Studio Solution File, Format Version 12.00
# Visual Studio Version 17
VisualStudioVersion = 17.0.31903.59
MinimumVisualStudioVersion = 10.0.40219.1
Project("{2150E333-8FDC-42A3-9474-1A3956D46DE8}") = "src", "src", "{827E0CD3-B72D-47B6-A68D-7590B98EB39B}"
EndProject
Project("{FAE04EC0-301F-11D3-BF4B-00C04F79EFBC}") = "Contracts", "src\Contracts\Contracts.csproj", "{8BA36CB6-9AF4-49D9-B3B1-60553969E343}"
EndProject
Project("{FAE04EC0-301F-11D3-BF4B-00C04F79EFBC}") = "Lib.ChatConsole", "src\Lib.ChatConsole\Lib.ChatConsole.csproj", "{3BC5FC63-7E39-412F-822E-D1D0C01D5238}"
EndProject
Project("{FAE04EC0-301F-11D3-BF4B-00C04F79EFBC}") = "Lib.Sampling", "src\Lib.Sampling\Lib.Sampling.csproj", "{A4669354-D7B3-4B6C-A406-386D3B808916}"
EndProject
Project("{FAE04EC0-301F-11D3-BF4B-00C04F79EFBC}") = "Lib.MathCore", "src\Lib.MathCore\Lib.MathCore.csproj", "{46972797-2489-4DEA-A65E-52F11D911424}"
EndProject
Project("{FAE04EC0-301F-11D3-BF4B-00C04F79EFBC}") = "Lib.Runtime", "src\Lib.Runtime\Lib.Runtime.csproj", "{69D7DC9A-01E6-4828-92D7-EA5DCAD01CBE}"
EndProject
Project("{FAE04EC0-301F-11D3-BF4B-00C04F79EFBC}") = "Lib.Corpus", "src\Lib.Corpus\Lib.Corpus.csproj", "{6E051B57-05A0-40C9-B90F-F45B9B86527C}"
EndProject
Project("{FAE04EC0-301F-11D3-BF4B-00C04F79EFBC}") = "Lib.Tokenization", "src\Lib.Tokenization\Lib.Tokenization.csproj", "{2DCDE68B-080B-41F2-A7A8-CE49DC04138B}"
EndProject
Project("{FAE04EC0-301F-11D3-BF4B-00C04F79EFBC}") = "NGram", "src\NGram\NGram.csproj", "{79695CB2-6F17-4B6E-B39C-21A39707E48A}"
EndProject
Project("{FAE04EC0-301F-11D3-BF4B-00C04F79EFBC}") = "NGram.Tests", "src\NGram.Tests\NGram.Tests.csproj", "{1B9A26A7-B190-4FD8-A8E8-8AD0DE03BAFD}"
EndProject
Project("{FAE04EC0-301F-11D3-BF4B-00C04F79EFBC}") = "Chat", "src\Chat\Chat.csproj", "{2497B094-488E-4181-A513-7811A803A0E5}"
EndProject
Project("{FAE04EC0-301F-11D3-BF4B-00C04F79EFBC}") = "Lib.Models.TinyTransformer", "src\Lib.Models.TinyTransformer\Lib.Models.TinyTransformer.csproj", "{9ED3DF5D-283C-400B-BA76-414232CCDF9E}"
EndProject
Project("{FAE04EC0-301F-11D3-BF4B-00C04F79EFBC}") = "Lib.Models.TinyNN", "src\Lib.Models.TinyNN\Lib.Models.TinyNN.csproj", "{5761A057-1DE7-4CD1-AD17-1D57D97A9EFF}"
EndProject
Project("{FAE04EC0-301F-11D3-BF4B-00C04F79EFBC}") = "Integration.Neural", "src\Integration.Neural\Integration.Neural.csproj", "{D6CE91F4-15E1-48A2-8B42-7A551F22D1EC}"
EndProject
Project("{FAE04EC0-301F-11D3-BF4B-00C04F79EFBC}") = "Integration.Runtime", "src\Integration.Runtime\Integration.Runtime.csproj", "{AC0B75F8-4012-445E-A0D2-596F5E9DA175}"
EndProject
Project("{FAE04EC0-301F-11D3-BF4B-00C04F79EFBC}") = "Lib.ChatConsole.Tests", "src\Lib.ChatConsole.Tests\Lib.ChatConsole.Tests.csproj", "{D5A20043-A408-4327-9059-3AE458B2EF62}"
EndProject
Project("{FAE04EC0-301F-11D3-BF4B-00C04F79EFBC}") = "Lib.Sampling.Tests", "src\Lib.Sampling.Tests\Lib.Sampling.Tests.csproj", "{D23E90FB-6426-4D37-BBFA-D12FABC6B796}"
EndProject
Project("{FAE04EC0-301F-11D3-BF4B-00C04F79EFBC}") = "Trainer", "src\trainer\Trainer.csproj", "{A7011105-1458-3B57-8E4E-15F9FFE73B26}"
EndProject
Project("{FAE04EC0-301F-11D3-BF4B-00C04F79EFBC}") = "Lib.Batching", "src\Lib.Batching\Lib.Batching.csproj", "{373BB037-A8B1-FB76-75C1-489466DE3967}"
EndProject
Global
	GlobalSection(SolutionConfigurationPlatforms) = preSolution
		Debug|Any CPU = Debug|Any CPU
		Debug|x64 = Debug|x64
		Debug|x86 = Debug|x86
		Release|Any CPU = Release|Any CPU
		Release|x64 = Release|x64
		Release|x86 = Release|x86
	EndGlobalSection
	GlobalSection(ProjectConfigurationPlatforms) = postSolution
		{8BA36CB6-9AF4-49D9-B3B1-60553969E343}.Debug|Any CPU.ActiveCfg = Debug|Any CPU
		{8BA36CB6-9AF4-49D9-B3B1-60553969E343}.Debug|Any CPU.Build.0 = Debug|Any CPU
		{8BA36CB6-9AF4-49D9-B3B1-60553969E343}.Debug|x64.ActiveCfg = Debug|Any CPU
		{8BA36CB6-9AF4-49D9-B3B1-60553969E343}.Debug|x64.Build.0 = Debug|Any CPU
		{8BA36CB6-9AF4-49D9-B3B1-60553969E343}.Debug|x86.ActiveCfg = Debug|Any CPU
		{8BA36CB6-9AF4-49D9-B3B1-60553969E343}.Debug|x86.Build.0 = Debug|Any CPU
		{8BA36CB6-9AF4-49D9-B3B1-60553969E343}.Release|Any CPU.ActiveCfg = Release|Any CPU
		{8BA36CB6-9AF4-49D9-B3B1-60553969E343}.Release|Any CPU.Build.0 = Release|Any CPU
		{8BA36CB6-9AF4-49D9-B3B1-60553969E343}.Release|x64.ActiveCfg = Release|Any CPU
		{8BA36CB6-9AF4-49D9-B3B1-60553969E343}.Release|x64.Build.0 = Release|Any CPU
		{8BA36CB6-9AF4-49D9-B3B1-60553969E343}.Release|x86.ActiveCfg = Release|Any CPU
		{8BA36CB6-9AF4-49D9-B3B1-60553969E343}.Release|x86.Build.0 = Release|Any CPU
		{3BC5FC63-7E39-412F-822E-D1D0C01D5238}.Debug|Any CPU.ActiveCfg = Debug|Any CPU
		{3BC5FC63-7E39-412F-822E-D1D0C01D5238}.Debug|Any CPU.Build.0 = Debug|Any CPU
		{3BC5FC63-7E39-412F-822E-D1D0C01D5238}.Debug|x64.ActiveCfg = Debug|Any CPU
		{3BC5FC63-7E39-412F-822E-D1D0C01D5238}.Debug|x64.Build.0 = Debug|Any CPU
		{3BC5FC63-7E39-412F-822E-D1D0C01D5238}.Debug|x86.ActiveCfg = Debug|Any CPU
		{3BC5FC63-7E39-412F-822E-D1D0C01D5238}.Debug|x86.Build.0 = Debug|Any CPU
		{3BC5FC63-7E39-412F-822E-D1D0C01D5238}.Release|Any CPU.ActiveCfg = Release|Any CPU
		{3BC5FC63-7E39-412F-822E-D1D0C01D5238}.Release|Any CPU.Build.0 = Release|Any CPU
		{3BC5FC63-7E39-412F-822E-D1D0C01D5238}.Release|x64.ActiveCfg = Release|Any CPU
		{3BC5FC63-7E39-412F-822E-D1D0C01D5238}.Release|x64.Build.0 = Release|Any CPU
		{3BC5FC63-7E39-412F-822E-D1D0C01D5238}.Release|x86.ActiveCfg = Release|Any CPU
		{3BC5FC63-7E39-412F-822E-D1D0C01D5238}.Release|x86.Build.0 = Release|Any CPU
		{A4669354-D7B3-4B6C-A406-386D3B808916}.Debug|Any CPU.ActiveCfg = Debug|Any CPU
		{A4669354-D7B3-4B6C-A406-386D3B808916}.Debug|Any CPU.Build.0 = Debug|Any CPU
		{A4669354-D7B3-4B6C-A406-386D3B808916}.Debug|x64.ActiveCfg = Debug|Any CPU
		{A4669354-D7B3-4B6C-A406-386D3B808916}.Debug|x64.Build.0 = Debug|Any CPU
		{A4669354-D7B3-4B6C-A406-386D3B808916}.Debug|x86.ActiveCfg = Debug|Any CPU
		{A4669354-D7B3-4B6C-A406-386D3B808916}.Debug|x86.Build.0 = Debug|Any CPU
		{A4669354-D7B3-4B6C-A406-386D3B808916}.Release|Any CPU.ActiveCfg = Release|Any CPU
		{A4669354-D7B3-4B6C-A406-386D3B808916}.Release|Any CPU.Build.0 = Release|Any CPU
		{A4669354-D7B3-4B6C-A406-386D3B808916}.Release|x64.ActiveCfg = Release|Any CPU
		{A4669354-D7B3-4B6C-A406-386D3B808916}.Release|x64.Build.0 = Release|Any CPU
		{A4669354-D7B3-4B6C-A406-386D3B808916}.Release|x86.ActiveCfg = Release|Any CPU
		{A4669354-D7B3-4B6C-A406-386D3B808916}.Release|x86.Build.0 = Release|Any CPU
		{46972797-2489-4DEA-A65E-52F11D911424}.Debug|Any CPU.ActiveCfg = Debug|Any CPU
		{46972797-2489-4DEA-A65E-52F11D911424}.Debug|Any CPU.Build.0 = Debug|Any CPU
		{46972797-2489-4DEA-A65E-52F11D911424}.Debug|x64.ActiveCfg = Debug|Any CPU
		{46972797-2489-4DEA-A65E-52F11D911424}.Debug|x64.Build.0 = Debug|Any CPU
		{46972797-2489-4DEA-A65E-52F11D911424}.Debug|x86.ActiveCfg = Debug|Any CPU
		{46972797-2489-4DEA-A65E-52F11D911424}.Debug|x86.Build.0 = Debug|Any CPU
		{46972797-2489-4DEA-A65E-52F11D911424}.Release|Any CPU.ActiveCfg = Release|Any CPU
		{46972797-2489-4DEA-A65E-52F11D911424}.Release|Any CPU.Build.0 = Release|Any CPU
		{46972797-2489-4DEA-A65E-52F11D911424}.Release|x64.ActiveCfg = Release|Any CPU
		{46972797-2489-4DEA-A65E-52F11D911424}.Release|x64.Build.0 = Release|Any CPU
		{46972797-2489-4DEA-A65E-52F11D911424}.Release|x86.ActiveCfg = Release|Any CPU
		{46972797-2489-4DEA-A65E-52F11D911424}.Release|x86.Build.0 = Release|Any CPU
		{69D7DC9A-01E6-4828-92D7-EA5DCAD01CBE}.Debug|Any CPU.ActiveCfg = Debug|Any CPU
		{69D7DC9A-01E6-4828-92D7-EA5DCAD01CBE}.Debug|Any CPU.Build.0 = Debug|Any CPU
		{69D7DC9A-01E6-4828-92D7-EA5DCAD01CBE}.Debug|x64.ActiveCfg = Debug|Any CPU
		{69D7DC9A-01E6-4828-92D7-EA5DCAD01CBE}.Debug|x64.Build.0 = Debug|Any CPU
		{69D7DC9A-01E6-4828-92D7-EA5DCAD01CBE}.Debug|x86.ActiveCfg = Debug|Any CPU
		{69D7DC9A-01E6-4828-92D7-EA5DCAD01CBE}.Debug|x86.Build.0 = Debug|Any CPU
		{69D7DC9A-01E6-4828-92D7-EA5DCAD01CBE}.Release|Any CPU.ActiveCfg = Release|Any CPU
		{69D7DC9A-01E6-4828-92D7-EA5DCAD01CBE}.Release|Any CPU.Build.0 = Release|Any CPU
		{69D7DC9A-01E6-4828-92D7-EA5DCAD01CBE}.Release|x64.ActiveCfg = Release|Any CPU
		{69D7DC9A-01E6-4828-92D7-EA5DCAD01CBE}.Release|x64.Build.0 = Release|Any CPU
		{69D7DC9A-01E6-4828-92D7-EA5DCAD01CBE}.Release|x86.ActiveCfg = Release|Any CPU
		{69D7DC9A-01E6-4828-92D7-EA5DCAD01CBE}.Release|x86.Build.0 = Release|Any CPU
		{6E051B57-05A0-40C9-B90F-F45B9B86527C}.Debug|Any CPU.ActiveCfg = Debug|Any CPU
		{6E051B57-05A0-40C9-B90F-F45B9B86527C}.Debug|Any CPU.Build.0 = Debug|Any CPU
		{6E051B57-05A0-40C9-B90F-F45B9B86527C}.Debug|x64.ActiveCfg = Debug|Any CPU
		{6E051B57-05A0-40C9-B90F-F45B9B86527C}.Debug|x64.Build.0 = Debug|Any CPU
		{6E051B57-05A0-40C9-B90F-F45B9B86527C}.Debug|x86.ActiveCfg = Debug|Any CPU
		{6E051B57-05A0-40C9-B90F-F45B9B86527C}.Debug|x86.Build.0 = Debug|Any CPU
		{6E051B57-05A0-40C9-B90F-F45B9B86527C}.Release|Any CPU.ActiveCfg = Release|Any CPU
		{6E051B57-05A0-40C9-B90F-F45B9B86527C}.Release|Any CPU.Build.0 = Release|Any CPU
		{6E051B57-05A0-40C9-B90F-F45B9B86527C}.Release|x64.ActiveCfg = Release|Any CPU
		{6E051B57-05A0-40C9-B90F-F45B9B86527C}.Release|x64.Build.0 = Release|Any CPU
		{6E051B57-05A0-40C9-B90F-F45B9B86527C}.Release|x86.ActiveCfg = Release|Any CPU
		{6E051B57-05A0-40C9-B90F-F45B9B86527C}.Release|x86.Build.0 = Release|Any CPU
		{2DCDE68B-080B-41F2-A7A8-CE49DC04138B}.Debug|Any CPU.ActiveCfg = Debug|Any CPU
		{2DCDE68B-080B-41F2-A7A8-CE49DC04138B}.Debug|Any CPU.Build.0 = Debug|Any CPU
		{2DCDE68B-080B-41F2-A7A8-CE49DC04138B}.Debug|x64.ActiveCfg = Debug|Any CPU
		{2DCDE68B-080B-41F2-A7A8-CE49DC04138B}.Debug|x64.Build.0 = Debug|Any CPU
		{2DCDE68B-080B-41F2-A7A8-CE49DC04138B}.Debug|x86.ActiveCfg = Debug|Any CPU
		{2DCDE68B-080B-41F2-A7A8-CE49DC04138B}.Debug|x86.Build.0 = Debug|Any CPU
		{2DCDE68B-080B-41F2-A7A8-CE49DC04138B}.Release|Any CPU.ActiveCfg = Release|Any CPU
		{2DCDE68B-080B-41F2-A7A8-CE49DC04138B}.Release|Any CPU.Build.0 = Release|Any CPU
		{2DCDE68B-080B-41F2-A7A8-CE49DC04138B}.Release|x64.ActiveCfg = Release|Any CPU
		{2DCDE68B-080B-41F2-A7A8-CE49DC04138B}.Release|x64.Build.0 = Release|Any CPU
		{2DCDE68B-080B-41F2-A7A8-CE49DC04138B}.Release|x86.ActiveCfg = Release|Any CPU
		{2DCDE68B-080B-41F2-A7A8-CE49DC04138B}.Release|x86.Build.0 = Release|Any CPU
		{79695CB2-6F17-4B6E-B39C-21A39707E48A}.Debug|Any CPU.ActiveCfg = Debug|Any CPU
		{79695CB2-6F17-4B6E-B39C-21A39707E48A}.Debug|Any CPU.Build.0 = Debug|Any CPU
		{79695CB2-6F17-4B6E-B39C-21A39707E48A}.Debug|x64.ActiveCfg = Debug|Any CPU
		{79695CB2-6F17-4B6E-B39C-21A39707E48A}.Debug|x64.Build.0 = Debug|Any CPU
		{79695CB2-6F17-4B6E-B39C-21A39707E48A}.Debug|x86.ActiveCfg = Debug|Any CPU
		{79695CB2-6F17-4B6E-B39C-21A39707E48A}.Debug|x86.Build.0 = Debug|Any CPU
		{79695CB2-6F17-4B6E-B39C-21A39707E48A}.Release|Any CPU.ActiveCfg = Release|Any CPU
		{79695CB2-6F17-4B6E-B39C-21A39707E48A}.Release|Any CPU.Build.0 = Release|Any CPU
		{79695CB2-6F17-4B6E-B39C-21A39707E48A}.Release|x64.ActiveCfg = Release|Any CPU
		{79695CB2-6F17-4B6E-B39C-21A39707E48A}.Release|x64.Build.0 = Release|Any CPU
		{79695CB2-6F17-4B6E-B39C-21A39707E48A}.Release|x86.ActiveCfg = Release|Any CPU
		{79695CB2-6F17-4B6E-B39C-21A39707E48A}.Release|x86.Build.0 = Release|Any CPU
		{1B9A26A7-B190-4FD8-A8E8-8AD0DE03BAFD}.Debug|Any CPU.ActiveCfg = Debug|Any CPU
		{1B9A26A7-B190-4FD8-A8E8-8AD0DE03BAFD}.Debug|Any CPU.Build.0 = Debug|Any CPU
		{1B9A26A7-B190-4FD8-A8E8-8AD0DE03BAFD}.Debug|x64.ActiveCfg = Debug|Any CPU
		{1B9A26A7-B190-4FD8-A8E8-8AD0DE03BAFD}.Debug|x64.Build.0 = Debug|Any CPU
		{1B9A26A7-B190-4FD8-A8E8-8AD0DE03BAFD}.Debug|x86.ActiveCfg = Debug|Any CPU
		{1B9A26A7-B190-4FD8-A8E8-8AD0DE03BAFD}.Debug|x86.Build.0 = Debug|Any CPU
		{1B9A26A7-B190-4FD8-A8E8-8AD0DE03BAFD}.Release|Any CPU.ActiveCfg = Release|Any CPU
		{1B9A26A7-B190-4FD8-A8E8-8AD0DE03BAFD}.Release|Any CPU.Build.0 = Release|Any CPU
		{1B9A26A7-B190-4FD8-A8E8-8AD0DE03BAFD}.Release|x64.ActiveCfg = Release|Any CPU
		{1B9A26A7-B190-4FD8-A8E8-8AD0DE03BAFD}.Release|x64.Build.0 = Release|Any CPU
		{1B9A26A7-B190-4FD8-A8E8-8AD0DE03BAFD}.Release|x86.ActiveCfg = Release|Any CPU
		{1B9A26A7-B190-4FD8-A8E8-8AD0DE03BAFD}.Release|x86.Build.0 = Release|Any CPU
		{2497B094-488E-4181-A513-7811A803A0E5}.Debug|Any CPU.ActiveCfg = Debug|Any CPU
		{2497B094-488E-4181-A513-7811A803A0E5}.Debug|Any CPU.Build.0 = Debug|Any CPU
		{2497B094-488E-4181-A513-7811A803A0E5}.Debug|x64.ActiveCfg = Debug|Any CPU
		{2497B094-488E-4181-A513-7811A803A0E5}.Debug|x64.Build.0 = Debug|Any CPU
		{2497B094-488E-4181-A513-7811A803A0E5}.Debug|x86.ActiveCfg = Debug|Any CPU
		{2497B094-488E-4181-A513-7811A803A0E5}.Debug|x86.Build.0 = Debug|Any CPU
		{2497B094-488E-4181-A513-7811A803A0E5}.Release|Any CPU.ActiveCfg = Release|Any CPU
		{2497B094-488E-4181-A513-7811A803A0E5}.Release|Any CPU.Build.0 = Release|Any CPU
		{2497B094-488E-4181-A513-7811A803A0E5}.Release|x64.ActiveCfg = Release|Any CPU
		{2497B094-488E-4181-A513-7811A803A0E5}.Release|x64.Build.0 = Release|Any CPU
		{2497B094-488E-4181-A513-7811A803A0E5}.Release|x86.ActiveCfg = Release|Any CPU
		{2497B094-488E-4181-A513-7811A803A0E5}.Release|x86.Build.0 = Release|Any CPU
		{9ED3DF5D-283C-400B-BA76-414232CCDF9E}.Debug|Any CPU.ActiveCfg = Debug|Any CPU
		{9ED3DF5D-283C-400B-BA76-414232CCDF9E}.Debug|Any CPU.Build.0 = Debug|Any CPU
		{9ED3DF5D-283C-400B-BA76-414232CCDF9E}.Debug|x64.ActiveCfg = Debug|Any CPU
		{9ED3DF5D-283C-400B-BA76-414232CCDF9E}.Debug|x64.Build.0 = Debug|Any CPU
		{9ED3DF5D-283C-400B-BA76-414232CCDF9E}.Debug|x86.ActiveCfg = Debug|Any CPU
		{9ED3DF5D-283C-400B-BA76-414232CCDF9E}.Debug|x86.Build.0 = Debug|Any CPU
		{9ED3DF5D-283C-400B-BA76-414232CCDF9E}.Release|Any CPU.ActiveCfg = Release|Any CPU
		{9ED3DF5D-283C-400B-BA76-414232CCDF9E}.Release|Any CPU.Build.0 = Release|Any CPU
		{9ED3DF5D-283C-400B-BA76-414232CCDF9E}.Release|x64.ActiveCfg = Release|Any CPU
		{9ED3DF5D-283C-400B-BA76-414232CCDF9E}.Release|x64.Build.0 = Release|Any CPU
		{9ED3DF5D-283C-400B-BA76-414232CCDF9E}.Release|x86.ActiveCfg = Release|Any CPU
		{9ED3DF5D-283C-400B-BA76-414232CCDF9E}.Release|x86.Build.0 = Release|Any CPU
		{5761A057-1DE7-4CD1-AD17-1D57D97A9EFF}.Debug|Any CPU.ActiveCfg = Debug|Any CPU
		{5761A057-1DE7-4CD1-AD17-1D57D97A9EFF}.Debug|Any CPU.Build.0 = Debug|Any CPU
		{5761A057-1DE7-4CD1-AD17-1D57D97A9EFF}.Debug|x64.ActiveCfg = Debug|Any CPU
		{5761A057-1DE7-4CD1-AD17-1D57D97A9EFF}.Debug|x64.Build.0 = Debug|Any CPU
		{5761A057-1DE7-4CD1-AD17-1D57D97A9EFF}.Debug|x86.ActiveCfg = Debug|Any CPU
		{5761A057-1DE7-4CD1-AD17-1D57D97A9EFF}.Debug|x86.Build.0 = Debug|Any CPU
		{5761A057-1DE7-4CD1-AD17-1D57D97A9EFF}.Release|Any CPU.ActiveCfg = Release|Any CPU
		{5761A057-1DE7-4CD1-AD17-1D57D97A9EFF}.Release|Any CPU.Build.0 = Release|Any CPU
		{5761A057-1DE7-4CD1-AD17-1D57D97A9EFF}.Release|x64.ActiveCfg = Release|Any CPU
		{5761A057-1DE7-4CD1-AD17-1D57D97A9EFF}.Release|x64.Build.0 = Release|Any CPU
		{5761A057-1DE7-4CD1-AD17-1D57D97A9EFF}.Release|x86.ActiveCfg = Release|Any CPU
		{5761A057-1DE7-4CD1-AD17-1D57D97A9EFF}.Release|x86.Build.0 = Release|Any CPU
		{D6CE91F4-15E1-48A2-8B42-7A551F22D1EC}.Debug|Any CPU.ActiveCfg = Debug|Any CPU
		{D6CE91F4-15E1-48A2-8B42-7A551F22D1EC}.Debug|Any CPU.Build.0 = Debug|Any CPU
		{D6CE91F4-15E1-48A2-8B42-7A551F22D1EC}.Debug|x64.ActiveCfg = Debug|Any CPU
		{D6CE91F4-15E1-48A2-8B42-7A551F22D1EC}.Debug|x64.Build.0 = Debug|Any CPU
		{D6CE91F4-15E1-48A2-8B42-7A551F22D1EC}.Debug|x86.ActiveCfg = Debug|Any CPU
		{D6CE91F4-15E1-48A2-8B42-7A551F22D1EC}.Debug|x86.Build.0 = Debug|Any CPU
		{D6CE91F4-15E1-48A2-8B42-7A551F22D1EC}.Release|Any CPU.ActiveCfg = Release|Any CPU
		{D6CE91F4-15E1-48A2-8B42-7A551F22D1EC}.Release|Any CPU.Build.0 = Release|Any CPU
		{D6CE91F4-15E1-48A2-8B42-7A551F22D1EC}.Release|x64.ActiveCfg = Release|Any CPU
		{D6CE91F4-15E1-48A2-8B42-7A551F22D1EC}.Release|x64.Build.0 = Release|Any CPU
		{D6CE91F4-15E1-48A2-8B42-7A551F22D1EC}.Release|x86.ActiveCfg = Release|Any CPU
		{D6CE91F4-15E1-48A2-8B42-7A551F22D1EC}.Release|x86.Build.0 = Release|Any CPU
		{AC0B75F8-4012-445E-A0D2-596F5E9DA175}.Debug|Any CPU.ActiveCfg = Debug|Any CPU
		{AC0B75F8-4012-445E-A0D2-596F5E9DA175}.Debug|Any CPU.Build.0 = Debug|Any CPU
		{AC0B75F8-4012-445E-A0D2-596F5E9DA175}.Debug|x64.ActiveCfg = Debug|Any CPU
		{AC0B75F8-4012-445E-A0D2-596F5E9DA175}.Debug|x64.Build.0 = Debug|Any CPU
		{AC0B75F8-4012-445E-A0D2-596F5E9DA175}.Debug|x86.ActiveCfg = Debug|Any CPU
		{AC0B75F8-4012-445E-A0D2-596F5E9DA175}.Debug|x86.Build.0 = Debug|Any CPU
		{AC0B75F8-4012-445E-A0D2-596F5E9DA175}.Release|Any CPU.ActiveCfg = Release|Any CPU
		{AC0B75F8-4012-445E-A0D2-596F5E9DA175}.Release|Any CPU.Build.0 = Release|Any CPU
		{AC0B75F8-4012-445E-A0D2-596F5E9DA175}.Release|x64.ActiveCfg = Release|Any CPU
		{AC0B75F8-4012-445E-A0D2-596F5E9DA175}.Release|x64.Build.0 = Release|Any CPU
		{AC0B75F8-4012-445E-A0D2-596F5E9DA175}.Release|x86.ActiveCfg = Release|Any CPU
		{AC0B75F8-4012-445E-A0D2-596F5E9DA175}.Release|x86.Build.0 = Release|Any CPU
		{D5A20043-A408-4327-9059-3AE458B2EF62}.Debug|Any CPU.ActiveCfg = Debug|Any CPU
		{D5A20043-A408-4327-9059-3AE458B2EF62}.Debug|Any CPU.Build.0 = Debug|Any CPU
		{D5A20043-A408-4327-9059-3AE458B2EF62}.Debug|x64.ActiveCfg = Debug|Any CPU
		{D5A20043-A408-4327-9059-3AE458B2EF62}.Debug|x64.Build.0 = Debug|Any CPU
		{D5A20043-A408-4327-9059-3AE458B2EF62}.Debug|x86.ActiveCfg = Debug|Any CPU
		{D5A20043-A408-4327-9059-3AE458B2EF62}.Debug|x86.Build.0 = Debug|Any CPU
		{D5A20043-A408-4327-9059-3AE458B2EF62}.Release|Any CPU.ActiveCfg = Release|Any CPU
		{D5A20043-A408-4327-9059-3AE458B2EF62}.Release|Any CPU.Build.0 = Release|Any CPU
		{D5A20043-A408-4327-9059-3AE458B2EF62}.Release|x64.ActiveCfg = Release|Any CPU
		{D5A20043-A408-4327-9059-3AE458B2EF62}.Release|x64.Build.0 = Release|Any CPU
		{D5A20043-A408-4327-9059-3AE458B2EF62}.Release|x86.ActiveCfg = Release|Any CPU
		{D5A20043-A408-4327-9059-3AE458B2EF62}.Release|x86.Build.0 = Release|Any CPU
		{D23E90FB-6426-4D37-BBFA-D12FABC6B796}.Debug|Any CPU.ActiveCfg = Debug|Any CPU
		{D23E90FB-6426-4D37-BBFA-D12FABC6B796}.Debug|Any CPU.Build.0 = Debug|Any CPU
		{D23E90FB-6426-4D37-BBFA-D12FABC6B796}.Debug|x64.ActiveCfg = Debug|Any CPU
		{D23E90FB-6426-4D37-BBFA-D12FABC6B796}.Debug|x64.Build.0 = Debug|Any CPU
		{D23E90FB-6426-4D37-BBFA-D12FABC6B796}.Debug|x86.ActiveCfg = Debug|Any CPU
		{D23E90FB-6426-4D37-BBFA-D12FABC6B796}.Debug|x86.Build.0 = Debug|Any CPU
		{D23E90FB-6426-4D37-BBFA-D12FABC6B796}.Release|Any CPU.ActiveCfg = Release|Any CPU
		{D23E90FB-6426-4D37-BBFA-D12FABC6B796}.Release|Any CPU.Build.0 = Release|Any CPU
		{D23E90FB-6426-4D37-BBFA-D12FABC6B796}.Release|x64.ActiveCfg = Release|Any CPU
		{D23E90FB-6426-4D37-BBFA-D12FABC6B796}.Release|x64.Build.0 = Release|Any CPU
		{D23E90FB-6426-4D37-BBFA-D12FABC6B796}.Release|x86.ActiveCfg = Release|Any CPU
		{D23E90FB-6426-4D37-BBFA-D12FABC6B796}.Release|x86.Build.0 = Release|Any CPU
		{A7011105-1458-3B57-8E4E-15F9FFE73B26}.Debug|Any CPU.ActiveCfg = Debug|Any CPU
		{A7011105-1458-3B57-8E4E-15F9FFE73B26}.Debug|Any CPU.Build.0 = Debug|Any CPU
		{A7011105-1458-3B57-8E4E-15F9FFE73B26}.Debug|x64.ActiveCfg = Debug|Any CPU
		{A7011105-1458-3B57-8E4E-15F9FFE73B26}.Debug|x64.Build.0 = Debug|Any CPU
		{A7011105-1458-3B57-8E4E-15F9FFE73B26}.Debug|x86.ActiveCfg = Debug|Any CPU
		{A7011105-1458-3B57-8E4E-15F9FFE73B26}.Debug|x86.Build.0 = Debug|Any CPU
		{A7011105-1458-3B57-8E4E-15F9FFE73B26}.Release|Any CPU.ActiveCfg = Release|Any CPU
		{A7011105-1458-3B57-8E4E-15F9FFE73B26}.Release|Any CPU.Build.0 = Release|Any CPU
		{A7011105-1458-3B57-8E4E-15F9FFE73B26}.Release|x64.ActiveCfg = Release|Any CPU
		{A7011105-1458-3B57-8E4E-15F9FFE73B26}.Release|x64.Build.0 = Release|Any CPU
		{A7011105-1458-3B57-8E4E-15F9FFE73B26}.Release|x86.ActiveCfg = Release|Any CPU
		{A7011105-1458-3B57-8E4E-15F9FFE73B26}.Release|x86.Build.0 = Release|Any CPU
		{373BB037-A8B1-FB76-75C1-489466DE3967}.Debug|Any CPU.ActiveCfg = Debug|Any CPU
		{373BB037-A8B1-FB76-75C1-489466DE3967}.Debug|Any CPU.Build.0 = Debug|Any CPU
		{373BB037-A8B1-FB76-75C1-489466DE3967}.Debug|x64.ActiveCfg = Debug|Any CPU
		{373BB037-A8B1-FB76-75C1-489466DE3967}.Debug|x64.Build.0 = Debug|Any CPU
		{373BB037-A8B1-FB76-75C1-489466DE3967}.Debug|x86.ActiveCfg = Debug|Any CPU
		{373BB037-A8B1-FB76-75C1-489466DE3967}.Debug|x86.Build.0 = Debug|Any CPU
		{373BB037-A8B1-FB76-75C1-489466DE3967}.Release|Any CPU.ActiveCfg = Release|Any CPU
		{373BB037-A8B1-FB76-75C1-489466DE3967}.Release|Any CPU.Build.0 = Release|Any CPU
		{373BB037-A8B1-FB76-75C1-489466DE3967}.Release|x64.ActiveCfg = Release|Any CPU
		{373BB037-A8B1-FB76-75C1-489466DE3967}.Release|x64.Build.0 = Release|Any CPU
		{373BB037-A8B1-FB76-75C1-489466DE3967}.Release|x86.ActiveCfg = Release|Any CPU
		{373BB037-A8B1-FB76-75C1-489466DE3967}.Release|x86.Build.0 = Release|Any CPU
	EndGlobalSection
	GlobalSection(SolutionProperties) = preSolution
		HideSolutionNode = FALSE
	EndGlobalSection
	GlobalSection(NestedProjects) = preSolution
		{8BA36CB6-9AF4-49D9-B3B1-60553969E343} = {827E0CD3-B72D-47B6-A68D-7590B98EB39B}
		{3BC5FC63-7E39-412F-822E-D1D0C01D5238} = {827E0CD3-B72D-47B6-A68D-7590B98EB39B}
		{A4669354-D7B3-4B6C-A406-386D3B808916} = {827E0CD3-B72D-47B6-A68D-7590B98EB39B}
		{46972797-2489-4DEA-A65E-52F11D911424} = {827E0CD3-B72D-47B6-A68D-7590B98EB39B}
		{69D7DC9A-01E6-4828-92D7-EA5DCAD01CBE} = {827E0CD3-B72D-47B6-A68D-7590B98EB39B}
		{6E051B57-05A0-40C9-B90F-F45B9B86527C} = {827E0CD3-B72D-47B6-A68D-7590B98EB39B}
		{2DCDE68B-080B-41F2-A7A8-CE49DC04138B} = {827E0CD3-B72D-47B6-A68D-7590B98EB39B}
		{79695CB2-6F17-4B6E-B39C-21A39707E48A} = {827E0CD3-B72D-47B6-A68D-7590B98EB39B}
		{1B9A26A7-B190-4FD8-A8E8-8AD0DE03BAFD} = {827E0CD3-B72D-47B6-A68D-7590B98EB39B}
		{2497B094-488E-4181-A513-7811A803A0E5} = {827E0CD3-B72D-47B6-A68D-7590B98EB39B}
		{9ED3DF5D-283C-400B-BA76-414232CCDF9E} = {827E0CD3-B72D-47B6-A68D-7590B98EB39B}
		{5761A057-1DE7-4CD1-AD17-1D57D97A9EFF} = {827E0CD3-B72D-47B6-A68D-7590B98EB39B}
		{D6CE91F4-15E1-48A2-8B42-7A551F22D1EC} = {827E0CD3-B72D-47B6-A68D-7590B98EB39B}
		{AC0B75F8-4012-445E-A0D2-596F5E9DA175} = {827E0CD3-B72D-47B6-A68D-7590B98EB39B}
		{D5A20043-A408-4327-9059-3AE458B2EF62} = {827E0CD3-B72D-47B6-A68D-7590B98EB39B}
		{D23E90FB-6426-4D37-BBFA-D12FABC6B796} = {827E0CD3-B72D-47B6-A68D-7590B98EB39B}
		{A7011105-1458-3B57-8E4E-15F9FFE73B26} = {827E0CD3-B72D-47B6-A68D-7590B98EB39B}
		{373BB037-A8B1-FB76-75C1-489466DE3967} = {827E0CD3-B72D-47B6-A68D-7590B98EB39B}
	EndGlobalSection
	GlobalSection(ExtensibilityGlobals) = postSolution
		SolutionGuid = {78772EB5-B2BC-41FE-B0D9-2F242D9B5302}
	EndGlobalSection
EndGlobal
