
Microsoft Visual Studio Solution File, Format Version 12.00
# Visual Studio Version 17
VisualStudioVersion = 17.0.31903.59
MinimumVisualStudioVersion = 10.0.40219.1
Project("{2150E333-8FDC-42A3-9474-1A3956D46DE8}") = "src", "src", "{827E0CD3-B72D-47B6-A68D-7590B98EB39B}"
EndProject
Project("{FAE04EC0-301F-11D3-BF4B-00C04F79EFBC}") = "Contracts", "src\Contracts\Contracts.csproj", "{8BA36CB6-9AF4-49D9-B3B1-60553969E343}"
EndProject
Project("{FAE04EC0-301F-11D3-BF4B-00C04F79EFBC}") = "Lib.ChatConsole", "src\Lib.ChatConsole\Lib.ChatConsole.csproj", "{3BC5FC63-7E39-412F-822E-D1D0C01D5238}"
EndProject
Project("{FAE04EC0-301F-11D3-BF4B-00C04F79EFBC}") = "Lib.ChatConsole.Tests", "src\Lib.ChatConsole.Tests\Lib.ChatConsole.Tests.csproj", "{F252C419-D29B-4ED8-825F-D6F4875B6F80}"
EndProject
Project("{FAE04EC0-301F-11D3-BF4B-00C04F79EFBC}") = "Lib.Sampling", "src\Lib.Sampling\Lib.Sampling.csproj", "{A4669354-D7B3-4B6C-A406-386D3B808916}"
EndProject
Project("{FAE04EC0-301F-11D3-BF4B-00C04F79EFBC}") = "Lib.Sampling.Tests", "src\Lib.Sampling.Tests\Lib.Sampling.Tests.csproj", "{C79B77B8-F0A6-479B-B719-096A7A1B20AF}"
EndProject
Project("{FAE04EC0-301F-11D3-BF4B-00C04F79EFBC}") = "Lib.MathCore", "src\Lib.MathCore\Lib.MathCore.csproj", "{46972797-2489-4DEA-A65E-52F11D911424}"
EndProject
Project("{FAE04EC0-301F-11D3-BF4B-00C04F79EFBC}") = "Lib.Runtime", "src\Lib.Runtime\Lib.Runtime.csproj", "{69D7DC9A-01E6-4828-92D7-EA5DCAD01CBE}"
EndProject
Project("{FAE04EC0-301F-11D3-BF4B-00C04F79EFBC}") = "Integration.Runtime", "src\Integration.Runtime\Integration.Runtime.csproj", "{F78EF1DC-410C-4E8E-880C-A37B73696D98}"
EndProject
Project("{FAE04EC0-301F-11D3-BF4B-00C04F79EFBC}") = "Lib.Corpus", "src\Lib.Corpus\Lib.Corpus.csproj", "{6E051B57-05A0-40C9-B90F-F45B9B86527C}"
EndProject
Project("{FAE04EC0-301F-11D3-BF4B-00C04F79EFBC}") = "Lib.Tokenization", "src\Lib.Tokenization\Lib.Tokenization.csproj", "{2DCDE68B-080B-41F2-A7A8-CE49DC04138B}"
EndProject
Project("{FAE04EC0-301F-11D3-BF4B-00C04F79EFBC}") = "NGram", "src\NGram\NGram.csproj", "{79695CB2-6F17-4B6E-B39C-21A39707E48A}"
EndProject
Project("{FAE04EC0-301F-11D3-BF4B-00C04F79EFBC}") = "NGram.Tests", "src\NGram.Tests\NGram.Tests.csproj", "{1B9A26A7-B190-4FD8-A8E8-8AD0DE03BAFD}"
EndProject
Project("{FAE04EC0-301F-11D3-BF4B-00C04F79EFBC}") = "Chat", "src\Chat\Chat.csproj", "{2497B094-488E-4181-A513-7811A803A0E5}"
EndProject
Global
	GlobalSection(SolutionConfigurationPlatforms) = preSolution
		Debug|Any CPU = Debug|Any CPU
		Debug|x64 = Debug|x64
		Debug|x86 = Debug|x86
		Release|Any CPU = Release|Any CPU
		Release|x64 = Release|x64
		Release|x86 = Release|x86
	EndGlobalSection
	GlobalSection(ProjectConfigurationPlatforms) = postSolution
		{8BA36CB6-9AF4-49D9-B3B1-60553969E343}.Debug|Any CPU.ActiveCfg = Debug|Any CPU
		{8BA36CB6-9AF4-49D9-B3B1-60553969E343}.Debug|Any CPU.Build.0 = Debug|Any CPU
		{8BA36CB6-9AF4-49D9-B3B1-60553969E343}.Debug|x64.ActiveCfg = Debug|Any CPU
		{8BA36CB6-9AF4-49D9-B3B1-60553969E343}.Debug|x64.Build.0 = Debug|Any CPU
		{8BA36CB6-9AF4-49D9-B3B1-60553969E343}.Debug|x86.ActiveCfg = Debug|Any CPU
		{8BA36CB6-9AF4-49D9-B3B1-60553969E343}.Debug|x86.Build.0 = Debug|Any CPU
		{8BA36CB6-9AF4-49D9-B3B1-60553969E343}.Release|Any CPU.ActiveCfg = Release|Any CPU
		{8BA36CB6-9AF4-49D9-B3B1-60553969E343}.Release|Any CPU.Build.0 = Release|Any CPU
		{8BA36CB6-9AF4-49D9-B3B1-60553969E343}.Release|x64.ActiveCfg = Release|Any CPU
		{8BA36CB6-9AF4-49D9-B3B1-60553969E343}.Release|x64.Build.0 = Release|Any CPU
		{8BA36CB6-9AF4-49D9-B3B1-60553969E343}.Release|x86.ActiveCfg = Release|Any CPU
		{8BA36CB6-9AF4-49D9-B3B1-60553969E343}.Release|x86.Build.0 = Release|Any CPU
		{3BC5FC63-7E39-412F-822E-D1D0C01D5238}.Debug|Any CPU.ActiveCfg = Debug|Any CPU
		{3BC5FC63-7E39-412F-822E-D1D0C01D5238}.Debug|Any CPU.Build.0 = Debug|Any CPU
		{3BC5FC63-7E39-412F-822E-D1D0C01D5238}.Debug|x64.ActiveCfg = Debug|Any CPU
		{3BC5FC63-7E39-412F-822E-D1D0C01D5238}.Debug|x64.Build.0 = Debug|Any CPU
		{3BC5FC63-7E39-412F-822E-D1D0C01D5238}.Debug|x86.ActiveCfg = Debug|Any CPU
		{3BC5FC63-7E39-412F-822E-D1D0C01D5238}.Debug|x86.Build.0 = Debug|Any CPU
		{3BC5FC63-7E39-412F-822E-D1D0C01D5238}.Release|Any CPU.ActiveCfg = Release|Any CPU
		{3BC5FC63-7E39-412F-822E-D1D0C01D5238}.Release|Any CPU.Build.0 = Release|Any CPU
		{3BC5FC63-7E39-412F-822E-D1D0C01D5238}.Release|x64.ActiveCfg = Release|Any CPU
		{3BC5FC63-7E39-412F-822E-D1D0C01D5238}.Release|x64.Build.0 = Release|Any CPU
		{3BC5FC63-7E39-412F-822E-D1D0C01D5238}.Release|x86.ActiveCfg = Release|Any CPU
		{3BC5FC63-7E39-412F-822E-D1D0C01D5238}.Release|x86.Build.0 = Release|Any CPU
		{F252C419-D29B-4ED8-825F-D6F4875B6F80}.Debug|Any CPU.ActiveCfg = Debug|Any CPU
		{F252C419-D29B-4ED8-825F-D6F4875B6F80}.Debug|Any CPU.Build.0 = Debug|Any CPU
		{F252C419-D29B-4ED8-825F-D6F4875B6F80}.Debug|x64.ActiveCfg = Debug|Any CPU
		{F252C419-D29B-4ED8-825F-D6F4875B6F80}.Debug|x64.Build.0 = Debug|Any CPU
		{F252C419-D29B-4ED8-825F-D6F4875B6F80}.Debug|x86.ActiveCfg = Debug|Any CPU
		{F252C419-D29B-4ED8-825F-D6F4875B6F80}.Debug|x86.Build.0 = Debug|Any CPU
		{F252C419-D29B-4ED8-825F-D6F4875B6F80}.Release|Any CPU.ActiveCfg = Release|Any CPU
		{F252C419-D29B-4ED8-825F-D6F4875B6F80}.Release|Any CPU.Build.0 = Release|Any CPU
		{F252C419-D29B-4ED8-825F-D6F4875B6F80}.Release|x64.ActiveCfg = Release|Any CPU
		{F252C419-D29B-4ED8-825F-D6F4875B6F80}.Release|x64.Build.0 = Release|Any CPU
		{F252C419-D29B-4ED8-825F-D6F4875B6F80}.Release|x86.ActiveCfg = Release|Any CPU
		{F252C419-D29B-4ED8-825F-D6F4875B6F80}.Release|x86.Build.0 = Release|Any CPU
		{A4669354-D7B3-4B6C-A406-386D3B808916}.Debug|Any CPU.ActiveCfg = Debug|Any CPU
		{A4669354-D7B3-4B6C-A406-386D3B808916}.Debug|Any CPU.Build.0 = Debug|Any CPU
		{A4669354-D7B3-4B6C-A406-386D3B808916}.Debug|x64.ActiveCfg = Debug|Any CPU
		{A4669354-D7B3-4B6C-A406-386D3B808916}.Debug|x64.Build.0 = Debug|Any CPU
		{A4669354-D7B3-4B6C-A406-386D3B808916}.Debug|x86.ActiveCfg = Debug|Any CPU
		{A4669354-D7B3-4B6C-A406-386D3B808916}.Debug|x86.Build.0 = Debug|Any CPU
		{A4669354-D7B3-4B6C-A406-386D3B808916}.Release|Any CPU.ActiveCfg = Release|Any CPU
		{A4669354-D7B3-4B6C-A406-386D3B808916}.Release|Any CPU.Build.0 = Release|Any CPU
		{A4669354-D7B3-4B6C-A406-386D3B808916}.Release|x64.ActiveCfg = Release|Any CPU
		{A4669354-D7B3-4B6C-A406-386D3B808916}.Release|x64.Build.0 = Release|Any CPU
		{A4669354-D7B3-4B6C-A406-386D3B808916}.Release|x86.ActiveCfg = Release|Any CPU
		{A4669354-D7B3-4B6C-A406-386D3B808916}.Release|x86.Build.0 = Release|Any CPU
		{C79B77B8-F0A6-479B-B719-096A7A1B20AF}.Debug|Any CPU.ActiveCfg = Debug|Any CPU
		{C79B77B8-F0A6-479B-B719-096A7A1B20AF}.Debug|Any CPU.Build.0 = Debug|Any CPU
		{C79B77B8-F0A6-479B-B719-096A7A1B20AF}.Debug|x64.ActiveCfg = Debug|Any CPU
		{C79B77B8-F0A6-479B-B719-096A7A1B20AF}.Debug|x64.Build.0 = Debug|Any CPU
		{C79B77B8-F0A6-479B-B719-096A7A1B20AF}.Debug|x86.ActiveCfg = Debug|Any CPU
		{C79B77B8-F0A6-479B-B719-096A7A1B20AF}.Debug|x86.Build.0 = Debug|Any CPU
		{C79B77B8-F0A6-479B-B719-096A7A1B20AF}.Release|Any CPU.ActiveCfg = Release|Any CPU
		{C79B77B8-F0A6-479B-B719-096A7A1B20AF}.Release|Any CPU.Build.0 = Release|Any CPU
		{C79B77B8-F0A6-479B-B719-096A7A1B20AF}.Release|x64.ActiveCfg = Release|Any CPU
		{C79B77B8-F0A6-479B-B719-096A7A1B20AF}.Release|x64.Build.0 = Release|Any CPU
		{C79B77B8-F0A6-479B-B719-096A7A1B20AF}.Release|x86.ActiveCfg = Release|Any CPU
		{C79B77B8-F0A6-479B-B719-096A7A1B20AF}.Release|x86.Build.0 = Release|Any CPU
		{46972797-2489-4DEA-A65E-52F11D911424}.Debug|Any CPU.ActiveCfg = Debug|Any CPU
		{46972797-2489-4DEA-A65E-52F11D911424}.Debug|Any CPU.Build.0 = Debug|Any CPU
		{46972797-2489-4DEA-A65E-52F11D911424}.Debug|x64.ActiveCfg = Debug|Any CPU
		{46972797-2489-4DEA-A65E-52F11D911424}.Debug|x64.Build.0 = Debug|Any CPU
		{46972797-2489-4DEA-A65E-52F11D911424}.Debug|x86.ActiveCfg = Debug|Any CPU
		{46972797-2489-4DEA-A65E-52F11D911424}.Debug|x86.Build.0 = Debug|Any CPU
		{46972797-2489-4DEA-A65E-52F11D911424}.Release|Any CPU.ActiveCfg = Release|Any CPU
		{46972797-2489-4DEA-A65E-52F11D911424}.Release|Any CPU.Build.0 = Release|Any CPU
		{46972797-2489-4DEA-A65E-52F11D911424}.Release|x64.ActiveCfg = Release|Any CPU
		{46972797-2489-4DEA-A65E-52F11D911424}.Release|x64.Build.0 = Release|Any CPU
		{46972797-2489-4DEA-A65E-52F11D911424}.Release|x86.ActiveCfg = Release|Any CPU
		{46972797-2489-4DEA-A65E-52F11D911424}.Release|x86.Build.0 = Release|Any CPU
		{69D7DC9A-01E6-4828-92D7-EA5DCAD01CBE}.Debug|Any CPU.ActiveCfg = Debug|Any CPU
		{69D7DC9A-01E6-4828-92D7-EA5DCAD01CBE}.Debug|Any CPU.Build.0 = Debug|Any CPU
		{69D7DC9A-01E6-4828-92D7-EA5DCAD01CBE}.Debug|x64.ActiveCfg = Debug|Any CPU
		{69D7DC9A-01E6-4828-92D7-EA5DCAD01CBE}.Debug|x64.Build.0 = Debug|Any CPU
		{69D7DC9A-01E6-4828-92D7-EA5DCAD01CBE}.Debug|x86.ActiveCfg = Debug|Any CPU
		{69D7DC9A-01E6-4828-92D7-EA5DCAD01CBE}.Debug|x86.Build.0 = Debug|Any CPU
		{69D7DC9A-01E6-4828-92D7-EA5DCAD01CBE}.Release|Any CPU.ActiveCfg = Release|Any CPU
		{69D7DC9A-01E6-4828-92D7-EA5DCAD01CBE}.Release|Any CPU.Build.0 = Release|Any CPU
		{69D7DC9A-01E6-4828-92D7-EA5DCAD01CBE}.Release|x64.ActiveCfg = Release|Any CPU
		{69D7DC9A-01E6-4828-92D7-EA5DCAD01CBE}.Release|x64.Build.0 = Release|Any CPU
		{69D7DC9A-01E6-4828-92D7-EA5DCAD01CBE}.Release|x86.ActiveCfg = Release|Any CPU
		{69D7DC9A-01E6-4828-92D7-EA5DCAD01CBE}.Release|x86.Build.0 = Release|Any CPU
		{F78EF1DC-410C-4E8E-880C-A37B73696D98}.Debug|Any CPU.ActiveCfg = Debug|Any CPU
		{F78EF1DC-410C-4E8E-880C-A37B73696D98}.Debug|Any CPU.Build.0 = Debug|Any CPU
		{F78EF1DC-410C-4E8E-880C-A37B73696D98}.Debug|x64.ActiveCfg = Debug|Any CPU
		{F78EF1DC-410C-4E8E-880C-A37B73696D98}.Debug|x64.Build.0 = Debug|Any CPU
		{F78EF1DC-410C-4E8E-880C-A37B73696D98}.Debug|x86.ActiveCfg = Debug|Any CPU
		{F78EF1DC-410C-4E8E-880C-A37B73696D98}.Debug|x86.Build.0 = Debug|Any CPU
		{F78EF1DC-410C-4E8E-880C-A37B73696D98}.Release|Any CPU.ActiveCfg = Release|Any CPU
		{F78EF1DC-410C-4E8E-880C-A37B73696D98}.Release|Any CPU.Build.0 = Release|Any CPU
		{F78EF1DC-410C-4E8E-880C-A37B73696D98}.Release|x64.ActiveCfg = Release|Any CPU
		{F78EF1DC-410C-4E8E-880C-A37B73696D98}.Release|x64.Build.0 = Release|Any CPU
		{F78EF1DC-410C-4E8E-880C-A37B73696D98}.Release|x86.ActiveCfg = Release|Any CPU
		{F78EF1DC-410C-4E8E-880C-A37B73696D98}.Release|x86.Build.0 = Release|Any CPU
		{6E051B57-05A0-40C9-B90F-F45B9B86527C}.Debug|Any CPU.ActiveCfg = Debug|Any CPU
		{6E051B57-05A0-40C9-B90F-F45B9B86527C}.Debug|Any CPU.Build.0 = Debug|Any CPU
		{6E051B57-05A0-40C9-B90F-F45B9B86527C}.Debug|x64.ActiveCfg = Debug|Any CPU
		{6E051B57-05A0-40C9-B90F-F45B9B86527C}.Debug|x64.Build.0 = Debug|Any CPU
		{6E051B57-05A0-40C9-B90F-F45B9B86527C}.Debug|x86.ActiveCfg = Debug|Any CPU
		{6E051B57-05A0-40C9-B90F-F45B9B86527C}.Debug|x86.Build.0 = Debug|Any CPU
		{6E051B57-05A0-40C9-B90F-F45B9B86527C}.Release|Any CPU.ActiveCfg = Release|Any CPU
		{6E051B57-05A0-40C9-B90F-F45B9B86527C}.Release|Any CPU.Build.0 = Release|Any CPU
		{6E051B57-05A0-40C9-B90F-F45B9B86527C}.Release|x64.ActiveCfg = Release|Any CPU
		{6E051B57-05A0-40C9-B90F-F45B9B86527C}.Release|x64.Build.0 = Release|Any CPU
		{6E051B57-05A0-40C9-B90F-F45B9B86527C}.Release|x86.ActiveCfg = Release|Any CPU
		{6E051B57-05A0-40C9-B90F-F45B9B86527C}.Release|x86.Build.0 = Release|Any CPU
		{2DCDE68B-080B-41F2-A7A8-CE49DC04138B}.Debug|Any CPU.ActiveCfg = Debug|Any CPU
		{2DCDE68B-080B-41F2-A7A8-CE49DC04138B}.Debug|Any CPU.Build.0 = Debug|Any CPU
		{2DCDE68B-080B-41F2-A7A8-CE49DC04138B}.Debug|x64.ActiveCfg = Debug|Any CPU
		{2DCDE68B-080B-41F2-A7A8-CE49DC04138B}.Debug|x64.Build.0 = Debug|Any CPU
		{2DCDE68B-080B-41F2-A7A8-CE49DC04138B}.Debug|x86.ActiveCfg = Debug|Any CPU
		{2DCDE68B-080B-41F2-A7A8-CE49DC04138B}.Debug|x86.Build.0 = Debug|Any CPU
		{2DCDE68B-080B-41F2-A7A8-CE49DC04138B}.Release|Any CPU.ActiveCfg = Release|Any CPU
		{2DCDE68B-080B-41F2-A7A8-CE49DC04138B}.Release|Any CPU.Build.0 = Release|Any CPU
		{2DCDE68B-080B-41F2-A7A8-CE49DC04138B}.Release|x64.ActiveCfg = Release|Any CPU
		{2DCDE68B-080B-41F2-A7A8-CE49DC04138B}.Release|x64.Build.0 = Release|Any CPU
		{2DCDE68B-080B-41F2-A7A8-CE49DC04138B}.Release|x86.ActiveCfg = Release|Any CPU
		{2DCDE68B-080B-41F2-A7A8-CE49DC04138B}.Release|x86.Build.0 = Release|Any CPU
		{79695CB2-6F17-4B6E-B39C-21A39707E48A}.Debug|Any CPU.ActiveCfg = Debug|Any CPU
		{79695CB2-6F17-4B6E-B39C-21A39707E48A}.Debug|Any CPU.Build.0 = Debug|Any CPU
		{79695CB2-6F17-4B6E-B39C-21A39707E48A}.Debug|x64.ActiveCfg = Debug|Any CPU
		{79695CB2-6F17-4B6E-B39C-21A39707E48A}.Debug|x64.Build.0 = Debug|Any CPU
		{79695CB2-6F17-4B6E-B39C-21A39707E48A}.Debug|x86.ActiveCfg = Debug|Any CPU
		{79695CB2-6F17-4B6E-B39C-21A39707E48A}.Debug|x86.Build.0 = Debug|Any CPU
		{79695CB2-6F17-4B6E-B39C-21A39707E48A}.Release|Any CPU.ActiveCfg = Release|Any CPU
		{79695CB2-6F17-4B6E-B39C-21A39707E48A}.Release|Any CPU.Build.0 = Release|Any CPU
		{79695CB2-6F17-4B6E-B39C-21A39707E48A}.Release|x64.ActiveCfg = Release|Any CPU
		{79695CB2-6F17-4B6E-B39C-21A39707E48A}.Release|x64.Build.0 = Release|Any CPU
		{79695CB2-6F17-4B6E-B39C-21A39707E48A}.Release|x86.ActiveCfg = Release|Any CPU
		{79695CB2-6F17-4B6E-B39C-21A39707E48A}.Release|x86.Build.0 = Release|Any CPU
		{1B9A26A7-B190-4FD8-A8E8-8AD0DE03BAFD}.Debug|Any CPU.ActiveCfg = Debug|Any CPU
		{1B9A26A7-B190-4FD8-A8E8-8AD0DE03BAFD}.Debug|Any CPU.Build.0 = Debug|Any CPU
		{1B9A26A7-B190-4FD8-A8E8-8AD0DE03BAFD}.Debug|x64.ActiveCfg = Debug|Any CPU
		{1B9A26A7-B190-4FD8-A8E8-8AD0DE03BAFD}.Debug|x64.Build.0 = Debug|Any CPU
		{1B9A26A7-B190-4FD8-A8E8-8AD0DE03BAFD}.Debug|x86.ActiveCfg = Debug|Any CPU
		{1B9A26A7-B190-4FD8-A8E8-8AD0DE03BAFD}.Debug|x86.Build.0 = Debug|Any CPU
		{1B9A26A7-B190-4FD8-A8E8-8AD0DE03BAFD}.Release|Any CPU.ActiveCfg = Release|Any CPU
		{1B9A26A7-B190-4FD8-A8E8-8AD0DE03BAFD}.Release|Any CPU.Build.0 = Release|Any CPU
		{1B9A26A7-B190-4FD8-A8E8-8AD0DE03BAFD}.Release|x64.ActiveCfg = Release|Any CPU
		{1B9A26A7-B190-4FD8-A8E8-8AD0DE03BAFD}.Release|x64.Build.0 = Release|Any CPU
		{1B9A26A7-B190-4FD8-A8E8-8AD0DE03BAFD}.Release|x86.ActiveCfg = Release|Any CPU
		{1B9A26A7-B190-4FD8-A8E8-8AD0DE03BAFD}.Release|x86.Build.0 = Release|Any CPU
		{2497B094-488E-4181-A513-7811A803A0E5}.Debug|Any CPU.ActiveCfg = Debug|Any CPU
		{2497B094-488E-4181-A513-7811A803A0E5}.Debug|Any CPU.Build.0 = Debug|Any CPU
		{2497B094-488E-4181-A513-7811A803A0E5}.Debug|x64.ActiveCfg = Debug|Any CPU
		{2497B094-488E-4181-A513-7811A803A0E5}.Debug|x64.Build.0 = Debug|Any CPU
		{2497B094-488E-4181-A513-7811A803A0E5}.Debug|x86.ActiveCfg = Debug|Any CPU
		{2497B094-488E-4181-A513-7811A803A0E5}.Debug|x86.Build.0 = Debug|Any CPU
		{2497B094-488E-4181-A513-7811A803A0E5}.Release|Any CPU.ActiveCfg = Release|Any CPU
		{2497B094-488E-4181-A513-7811A803A0E5}.Release|Any CPU.Build.0 = Release|Any CPU
		{2497B094-488E-4181-A513-7811A803A0E5}.Release|x64.ActiveCfg = Release|Any CPU
		{2497B094-488E-4181-A513-7811A803A0E5}.Release|x64.Build.0 = Release|Any CPU
		{2497B094-488E-4181-A513-7811A803A0E5}.Release|x86.ActiveCfg = Release|Any CPU
		{2497B094-488E-4181-A513-7811A803A0E5}.Release|x86.Build.0 = Release|Any CPU
	EndGlobalSection
	GlobalSection(SolutionProperties) = preSolution
		HideSolutionNode = FALSE
	EndGlobalSection
	GlobalSection(NestedProjects) = preSolution
		{8BA36CB6-9AF4-49D9-B3B1-60553969E343} = {827E0CD3-B72D-47B6-A68D-7590B98EB39B}
		{3BC5FC63-7E39-412F-822E-D1D0C01D5238} = {827E0CD3-B72D-47B6-A68D-7590B98EB39B}
		{F252C419-D29B-4ED8-825F-D6F4875B6F80} = {827E0CD3-B72D-47B6-A68D-7590B98EB39B}
		{A4669354-D7B3-4B6C-A406-386D3B808916} = {827E0CD3-B72D-47B6-A68D-7590B98EB39B}
		{C79B77B8-F0A6-479B-B719-096A7A1B20AF} = {827E0CD3-B72D-47B6-A68D-7590B98EB39B}
		{46972797-2489-4DEA-A65E-52F11D911424} = {827E0CD3-B72D-47B6-A68D-7590B98EB39B}
		{69D7DC9A-01E6-4828-92D7-EA5DCAD01CBE} = {827E0CD3-B72D-47B6-A68D-7590B98EB39B}
		{6E051B57-05A0-40C9-B90F-F45B9B86527C} = {827E0CD3-B72D-47B6-A68D-7590B98EB39B}
		{2DCDE68B-080B-41F2-A7A8-CE49DC04138B} = {827E0CD3-B72D-47B6-A68D-7590B98EB39B}
		{79695CB2-6F17-4B6E-B39C-21A39707E48A} = {827E0CD3-B72D-47B6-A68D-7590B98EB39B}
		{1B9A26A7-B190-4FD8-A8E8-8AD0DE03BAFD} = {827E0CD3-B72D-47B6-A68D-7590B98EB39B}
		{2497B094-488E-4181-A513-7811A803A0E5} = {827E0CD3-B72D-47B6-A68D-7590B98EB39B}
	EndGlobalSection
	GlobalSection(ExtensibilityGlobals) = postSolution
		SolutionGuid = {78772EB5-B2BC-41FE-B0D9-2F242D9B5302}
	EndGlobalSection
EndGlobal
